
Microsoft Visual Studio Solution File, Format Version 12.00
# Visual Studio 15
VisualStudioVersion = 15.0.27703.2042
MinimumVisualStudioVersion = 10.0.40219.1
Project("{FAE04EC0-301F-11D3-BF4B-00C04F79EFBC}") = "testingunmanagedexceptionhandler", "testingunmanagedexceptionhandler\testingunmanagedexceptionhandler.csproj", "{E5F75B2A-BCB7-4092-951E-E9C3FC715DE1}"
	ProjectSection(ProjectDependencies) = postProject
		{C2CDF3BB-BFA6-405F-972A-E0E590AD15BD} = {C2CDF3BB-BFA6-405F-972A-E0E590AD15BD}
	EndProjectSection
EndProject
Project("{8BC9CEB8-8B4A-11D0-8D11-00A0C91BC942}") = "failinglibrary", "failinglibrary\failinglibrary.vcxproj", "{C2CDF3BB-BFA6-405F-972A-E0E590AD15BD}"
EndProject
Global
	GlobalSection(SolutionConfigurationPlatforms) = preSolution
		Debug|Any CPU = Debug|Any CPU
		Debug|x64 = Debug|x64
		Debug|x86 = Debug|x86
		Release|Any CPU = Release|Any CPU
		Release|x64 = Release|x64
		Release|x86 = Release|x86
	EndGlobalSection
	GlobalSection(ProjectConfigurationPlatforms) = postSolution
		{E5F75B2A-BCB7-4092-951E-E9C3FC715DE1}.Debug|Any CPU.ActiveCfg = Debug|Any CPU
		{E5F75B2A-BCB7-4092-951E-E9C3FC715DE1}.Debug|Any CPU.Build.0 = Debug|Any CPU
		{E5F75B2A-BCB7-4092-951E-E9C3FC715DE1}.Debug|x64.ActiveCfg = Debug|Any CPU
		{E5F75B2A-BCB7-4092-951E-E9C3FC715DE1}.Debug|x64.Build.0 = Debug|Any CPU
		{E5F75B2A-BCB7-4092-951E-E9C3FC715DE1}.Debug|x86.ActiveCfg = Debug|Any CPU
		{E5F75B2A-BCB7-4092-951E-E9C3FC715DE1}.Debug|x86.Build.0 = Debug|Any CPU
		{E5F75B2A-BCB7-4092-951E-E9C3FC715DE1}.Release|Any CPU.ActiveCfg = Release|Any CPU
		{E5F75B2A-BCB7-4092-951E-E9C3FC715DE1}.Release|Any CPU.Build.0 = Release|Any CPU
		{E5F75B2A-BCB7-4092-951E-E9C3FC715DE1}.Release|x64.ActiveCfg = Release|Any CPU
		{E5F75B2A-BCB7-4092-951E-E9C3FC715DE1}.Release|x64.Build.0 = Release|Any CPU
		{E5F75B2A-BCB7-4092-951E-E9C3FC715DE1}.Release|x86.ActiveCfg = Release|Any CPU
		{E5F75B2A-BCB7-4092-951E-E9C3FC715DE1}.Release|x86.Build.0 = Release|Any CPU
		{C2CDF3BB-BFA6-405F-972A-E0E590AD15BD}.Debug|Any CPU.ActiveCfg = Debug|Win32
		{C2CDF3BB-BFA6-405F-972A-E0E590AD15BD}.Debug|x64.ActiveCfg = Debug|x64
		{C2CDF3BB-BFA6-405F-972A-E0E590AD15BD}.Debug|x64.Build.0 = Debug|x64
		{C2CDF3BB-BFA6-405F-972A-E0E590AD15BD}.Debug|x86.ActiveCfg = Debug|Win32
		{C2CDF3BB-BFA6-405F-972A-E0E590AD15BD}.Debug|x86.Build.0 = Debug|Win32
		{C2CDF3BB-BFA6-405F-972A-E0E590AD15BD}.Release|Any CPU.ActiveCfg = Release|Win32
		{C2CDF3BB-BFA6-405F-972A-E0E590AD15BD}.Release|Any CPU.Build.0 = Release|Win32
		{C2CDF3BB-BFA6-405F-972A-E0E590AD15BD}.Release|x64.ActiveCfg = Release|x64
		{C2CDF3BB-BFA6-405F-972A-E0E590AD15BD}.Release|x64.Build.0 = Release|x64
		{C2CDF3BB-BFA6-405F-972A-E0E590AD15BD}.Release|x86.ActiveCfg = Release|Win32
		{C2CDF3BB-BFA6-405F-972A-E0E590AD15BD}.Release|x86.Build.0 = Release|Win32
	EndGlobalSection
	GlobalSection(SolutionProperties) = preSolution
		HideSolutionNode = FALSE
	EndGlobalSection
	GlobalSection(ExtensibilityGlobals) = postSolution
		SolutionGuid = {B04B688F-2CFE-47E1-B67D-9CE2A5890D2C}
	EndGlobalSection
EndGlobal
